
Microsoft Visual Studio Solution File, Format Version 12.00
# Visual Studio Version 17
VisualStudioVersion = 17.7.34202.233
MinimumVisualStudioVersion = 10.0.40219.1
Project("{FAE04EC0-301F-11D3-BF4B-00C04F79EFBC}") = "Monkey tg bot v2", "Monkey tg bot v2\Monkey tg bot v2.csproj", "{81E13339-04CE-4566-B974-9A6956A105AD}"
EndProject
Global
	GlobalSection(SolutionConfigurationPlatforms) = preSolution
		Debug|Any CPU = Debug|Any CPU
		Release|Any CPU = Release|Any CPU
	EndGlobalSection
	GlobalSection(ProjectConfigurationPlatforms) = postSolution
		{81E13339-04CE-4566-B974-9A6956A105AD}.Debug|Any CPU.ActiveCfg = Debug|Any CPU
		{81E13339-04CE-4566-B974-9A6956A105AD}.Debug|Any CPU.Build.0 = Debug|Any CPU
		{81E13339-04CE-4566-B974-9A6956A105AD}.Release|Any CPU.ActiveCfg = Release|Any CPU
		{81E13339-04CE-4566-B974-9A6956A105AD}.Release|Any CPU.Build.0 = Release|Any CPU
	EndGlobalSection
	GlobalSection(SolutionProperties) = preSolution
		HideSolutionNode = FALSE
	EndGlobalSection
	GlobalSection(ExtensibilityGlobals) = postSolution
		SolutionGuid = {5AE1EAD6-4FD2-4436-B696-759DEA83A847}
	EndGlobalSection
EndGlobal
